
Microsoft Visual Studio Solution File, Format Version 12.00
# Visual Studio Version 17
VisualStudioVersion = 17.2.32516.85
MinimumVisualStudioVersion = 10.0.40219.1
Project("{FAE04EC0-301F-11D3-BF4B-00C04F79EFBC}") = "Logical_Programs_CS", "Logical_Programs_CS.csproj", "{1E9F9FB0-409F-4644-940F-E52736F86A89}"
EndProject
Global
	GlobalSection(SolutionConfigurationPlatforms) = preSolution
		Debug|Any CPU = Debug|Any CPU
		Release|Any CPU = Release|Any CPU
	EndGlobalSection
	GlobalSection(ProjectConfigurationPlatforms) = postSolution
		{1E9F9FB0-409F-4644-940F-E52736F86A89}.Debug|Any CPU.ActiveCfg = Debug|Any CPU
		{1E9F9FB0-409F-4644-940F-E52736F86A89}.Debug|Any CPU.Build.0 = Debug|Any CPU
		{1E9F9FB0-409F-4644-940F-E52736F86A89}.Release|Any CPU.ActiveCfg = Release|Any CPU
		{1E9F9FB0-409F-4644-940F-E52736F86A89}.Release|Any CPU.Build.0 = Release|Any CPU
	EndGlobalSection
	GlobalSection(SolutionProperties) = preSolution
		HideSolutionNode = FALSE
	EndGlobalSection
	GlobalSection(ExtensibilityGlobals) = postSolution
		SolutionGuid = {BA11084B-9E78-41EF-955C-2A59A2627A67}
	EndGlobalSection
EndGlobal
